
Microsoft Visual Studio Solution File, Format Version 12.00
# Visual Studio Version 17
VisualStudioVersion = 17.5.002.0
MinimumVisualStudioVersion = 10.0.40219.1
Project("{9A19103F-16F7-4668-BE54-9A1E7A4F7556}") = "NewwaveDesignProject", "NewwaveDesignProject.csproj", "{FB3D4519-2BC8-471B-9F6D-B5233647E5C0}"
EndProject
Global
	GlobalSection(SolutionConfigurationPlatforms) = preSolution
		Debug|Any CPU = Debug|Any CPU
		Release|Any CPU = Release|Any CPU
	EndGlobalSection
	GlobalSection(ProjectConfigurationPlatforms) = postSolution
		{FB3D4519-2BC8-471B-9F6D-B5233647E5C0}.Debug|Any CPU.ActiveCfg = Debug|Any CPU
		{FB3D4519-2BC8-471B-9F6D-B5233647E5C0}.Debug|Any CPU.Build.0 = Debug|Any CPU
		{FB3D4519-2BC8-471B-9F6D-B5233647E5C0}.Release|Any CPU.ActiveCfg = Release|Any CPU
		{FB3D4519-2BC8-471B-9F6D-B5233647E5C0}.Release|Any CPU.Build.0 = Release|Any CPU
	EndGlobalSection
	GlobalSection(SolutionProperties) = preSolution
		HideSolutionNode = FALSE
	EndGlobalSection
	GlobalSection(ExtensibilityGlobals) = postSolution
		SolutionGuid = {1D287A51-D5BC-4897-8A30-E2ABC4DB5455}
	EndGlobalSection
EndGlobal
